// !$*UTF8*$!
{
	archiveVersion = 1;
	classes = {
	};
	objectVersion = 56;
	objects = {

/* Begin PBXBuildFile section */
		8117ADD72B648258004F2C8C /* LandmarksApp.swift in Sources */ = {isa = PBXBuildFile; fileRef = 8117ADD62B648258004F2C8C /* LandmarksApp.swift */; };
		8117ADDB2B648259004F2C8C /* Assets.xcassets in Resources */ = {isa = PBXBuildFile; fileRef = 8117ADDA2B648259004F2C8C /* Assets.xcassets */; };
		8117ADDE2B648259004F2C8C /* Preview Assets.xcassets in Resources */ = {isa = PBXBuildFile; fileRef = 8117ADDD2B648259004F2C8C /* Preview Assets.xcassets */; };
		8117ADE72B6482E3004F2C8C /* GalleryView.swift in Sources */ = {isa = PBXBuildFile; fileRef = 8117ADE62B6482E3004F2C8C /* GalleryView.swift */; };
		8117ADE92B6482FF004F2C8C /* GalleryItemView.swift in Sources */ = {isa = PBXBuildFile; fileRef = 8117ADE82B6482FF004F2C8C /* GalleryItemView.swift */; };
		8117ADEB2B648318004F2C8C /* Landmark.swift in Sources */ = {isa = PBXBuildFile; fileRef = 8117ADEA2B648318004F2C8C /* Landmark.swift */; };
		8117ADED2B648336004F2C8C /* DetailView.swift in Sources */ = {isa = PBXBuildFile; fileRef = 8117ADEC2B648336004F2C8C /* DetailView.swift */; };
		8117ADEF2B64907A004F2C8C /* RecommendationView.swift in Sources */ = {isa = PBXBuildFile; fileRef = 8117ADEE2B64907A004F2C8C /* RecommendationView.swift */; };
		8117ADF72B649417004F2C8C /* LandmarksMacOSApp.swift in Sources */ = {isa = PBXBuildFile; fileRef = 8117ADF62B649417004F2C8C /* LandmarksMacOSApp.swift */; };
		8117ADFE2B649418004F2C8C /* Preview Assets.xcassets in Resources */ = {isa = PBXBuildFile; fileRef = 8117ADFD2B649418004F2C8C /* Preview Assets.xcassets */; };
		8117AE032B649468004F2C8C /* Landmark.swift in Sources */ = {isa = PBXBuildFile; fileRef = 8117ADEA2B648318004F2C8C /* Landmark.swift */; };
		8117AE042B649468004F2C8C /* GalleryView.swift in Sources */ = {isa = PBXBuildFile; fileRef = 8117ADE62B6482E3004F2C8C /* GalleryView.swift */; };
		8117AE052B649468004F2C8C /* GalleryItemView.swift in Sources */ = {isa = PBXBuildFile; fileRef = 8117ADE82B6482FF004F2C8C /* GalleryItemView.swift */; };
		8117AE062B649468004F2C8C /* DetailView.swift in Sources */ = {isa = PBXBuildFile; fileRef = 8117ADEC2B648336004F2C8C /* DetailView.swift */; };
		8117AE072B649468004F2C8C /* RecommendationView.swift in Sources */ = {isa = PBXBuildFile; fileRef = 8117ADEE2B64907A004F2C8C /* RecommendationView.swift */; };
		8117AE082B6494B8004F2C8C /* Assets.xcassets in Resources */ = {isa = PBXBuildFile; fileRef = 8117ADDA2B648259004F2C8C /* Assets.xcassets */; };
/* End PBXBuildFile section */

/* Begin PBXFileReference section */
		8117ADD32B648258004F2C8C /* Landmarks.app */ = {isa = PBXFileReference; explicitFileType = wrapper.application; includeInIndex = 0; path = Landmarks.app; sourceTree = BUILT_PRODUCTS_DIR; };
		8117ADD62B648258004F2C8C /* LandmarksApp.swift */ = {isa = PBXFileReference; lastKnownFileType = sourcecode.swift; path = LandmarksApp.swift; sourceTree = "<group>"; };
		8117ADDA2B648259004F2C8C /* Assets.xcassets */ = {isa = PBXFileReference; lastKnownFileType = folder.assetcatalog; path = Assets.xcassets; sourceTree = "<group>"; };
		8117ADDD2B648259004F2C8C /* Preview Assets.xcassets */ = {isa = PBXFileReference; lastKnownFileType = folder.assetcatalog; path = "Preview Assets.xcassets"; sourceTree = "<group>"; };
		8117ADE62B6482E3004F2C8C /* GalleryView.swift */ = {isa = PBXFileReference; lastKnownFileType = sourcecode.swift; path = GalleryView.swift; sourceTree = "<group>"; };
		8117ADE82B6482FF004F2C8C /* GalleryItemView.swift */ = {isa = PBXFileReference; lastKnownFileType = sourcecode.swift; path = GalleryItemView.swift; sourceTree = "<group>"; };
		8117ADEA2B648318004F2C8C /* Landmark.swift */ = {isa = PBXFileReference; lastKnownFileType = sourcecode.swift; path = Landmark.swift; sourceTree = "<group>"; };
		8117ADEC2B648336004F2C8C /* DetailView.swift */ = {isa = PBXFileReference; lastKnownFileType = sourcecode.swift; path = DetailView.swift; sourceTree = "<group>"; };
		8117ADEE2B64907A004F2C8C /* RecommendationView.swift */ = {isa = PBXFileReference; lastKnownFileType = sourcecode.swift; path = RecommendationView.swift; sourceTree = "<group>"; };
		8117ADF42B649417004F2C8C /* LandmarksMacOS.app */ = {isa = PBXFileReference; explicitFileType = wrapper.application; includeInIndex = 0; path = LandmarksMacOS.app; sourceTree = BUILT_PRODUCTS_DIR; };
		8117ADF62B649417004F2C8C /* LandmarksMacOSApp.swift */ = {isa = PBXFileReference; lastKnownFileType = sourcecode.swift; path = LandmarksMacOSApp.swift; sourceTree = "<group>"; };
		8117ADFA2B649418004F2C8C /* Assets.xcassets */ = {isa = PBXFileReference; lastKnownFileType = folder.assetcatalog; path = Assets.xcassets; sourceTree = "<group>"; };
		8117ADFD2B649418004F2C8C /* Preview Assets.xcassets */ = {isa = PBXFileReference; lastKnownFileType = folder.assetcatalog; path = "Preview Assets.xcassets"; sourceTree = "<group>"; };
		8117ADFF2B649418004F2C8C /* LandmarksMacOS.entitlements */ = {isa = PBXFileReference; lastKnownFileType = text.plist.entitlements; path = LandmarksMacOS.entitlements; sourceTree = "<group>"; };
/* End PBXFileReference section */

/* Begin PBXFrameworksBuildPhase section */
		8117ADD02B648258004F2C8C /* Frameworks */ = {
			isa = PBXFrameworksBuildPhase;
			buildActionMask = 2147483647;
			files = (
			);
			runOnlyForDeploymentPostprocessing = 0;
		};
		8117ADF12B649417004F2C8C /* Frameworks */ = {
			isa = PBXFrameworksBuildPhase;
			buildActionMask = 2147483647;
			files = (
			);
			runOnlyForDeploymentPostprocessing = 0;
		};
/* End PBXFrameworksBuildPhase section */

/* Begin PBXGroup section */
		8117ADCA2B648258004F2C8C = {
			isa = PBXGroup;
			children = (
				8117ADD52B648258004F2C8C /* Landmarks */,
				8117ADF52B649417004F2C8C /* LandmarksMacOS */,
				8117ADD42B648258004F2C8C /* Products */,
			);
			sourceTree = "<group>";
		};
		8117ADD42B648258004F2C8C /* Products */ = {
			isa = PBXGroup;
			children = (
				8117ADD32B648258004F2C8C /* Landmarks.app */,
				8117ADF42B649417004F2C8C /* LandmarksMacOS.app */,
			);
			name = Products;
			sourceTree = "<group>";
		};
		8117ADD52B648258004F2C8C /* Landmarks */ = {
			isa = PBXGroup;
			children = (
				8117ADD62B648258004F2C8C /* LandmarksApp.swift */,
				8117ADE42B648284004F2C8C /* Model */,
				8117ADE52B64828C004F2C8C /* Views */,
				8117ADDA2B648259004F2C8C /* Assets.xcassets */,
				8117ADDC2B648259004F2C8C /* Preview Content */,
			);
			path = Landmarks;
			sourceTree = "<group>";
		};
		8117ADDC2B648259004F2C8C /* Preview Content */ = {
			isa = PBXGroup;
			children = (
				8117ADDD2B648259004F2C8C /* Preview Assets.xcassets */,
			);
			path = "Preview Content";
			sourceTree = "<group>";
		};
		8117ADE42B648284004F2C8C /* Model */ = {
			isa = PBXGroup;
			children = (
				8117ADEA2B648318004F2C8C /* Landmark.swift */,
			);
			path = Model;
			sourceTree = "<group>";
		};
		8117ADE52B64828C004F2C8C /* Views */ = {
			isa = PBXGroup;
			children = (
				8117ADE62B6482E3004F2C8C /* GalleryView.swift */,
				8117ADE82B6482FF004F2C8C /* GalleryItemView.swift */,
				8117ADEC2B648336004F2C8C /* DetailView.swift */,
				8117ADEE2B64907A004F2C8C /* RecommendationView.swift */,
			);
			path = Views;
			sourceTree = "<group>";
		};
		8117ADF52B649417004F2C8C /* LandmarksMacOS */ = {
			isa = PBXGroup;
			children = (
				8117ADF62B649417004F2C8C /* LandmarksMacOSApp.swift */,
				8117ADFA2B649418004F2C8C /* Assets.xcassets */,
				8117ADFF2B649418004F2C8C /* LandmarksMacOS.entitlements */,
				8117ADFC2B649418004F2C8C /* Preview Content */,
			);
			path = LandmarksMacOS;
			sourceTree = "<group>";
		};
		8117ADFC2B649418004F2C8C /* Preview Content */ = {
			isa = PBXGroup;
			children = (
				8117ADFD2B649418004F2C8C /* Preview Assets.xcassets */,
			);
			path = "Preview Content";
			sourceTree = "<group>";
		};
/* End PBXGroup section */

/* Begin PBXNativeTarget section */
		8117ADD22B648258004F2C8C /* Landmarks */ = {
			isa = PBXNativeTarget;
			buildConfigurationList = 8117ADE12B648259004F2C8C /* Build configuration list for PBXNativeTarget "Landmarks" */;
			buildPhases = (
				8117ADCF2B648258004F2C8C /* Sources */,
				8117ADD02B648258004F2C8C /* Frameworks */,
				8117ADD12B648258004F2C8C /* Resources */,
			);
			buildRules = (
			);
			dependencies = (
			);
			name = Landmarks;
			productName = Landmarks;
			productReference = 8117ADD32B648258004F2C8C /* Landmarks.app */;
			productType = "com.apple.product-type.application";
		};
		8117ADF32B649417004F2C8C /* LandmarksMacOS */ = {
			isa = PBXNativeTarget;
			buildConfigurationList = 8117AE002B649418004F2C8C /* Build configuration list for PBXNativeTarget "LandmarksMacOS" */;
			buildPhases = (
				8117ADF02B649417004F2C8C /* Sources */,
				8117ADF12B649417004F2C8C /* Frameworks */,
				8117ADF22B649417004F2C8C /* Resources */,
			);
			buildRules = (
			);
			dependencies = (
			);
			name = LandmarksMacOS;
			productName = LandmarksMacOS;
			productReference = 8117ADF42B649417004F2C8C /* LandmarksMacOS.app */;
			productType = "com.apple.product-type.application";
		};
/* End PBXNativeTarget section */

/* Begin PBXProject section */
		8117ADCB2B648258004F2C8C /* Project object */ = {
			isa = PBXProject;
			attributes = {
				BuildIndependentTargetsInParallel = 1;
				LastSwiftUpdateCheck = 1520;
				LastUpgradeCheck = 1520;
				TargetAttributes = {
					8117ADD22B648258004F2C8C = {
						CreatedOnToolsVersion = 15.2;
					};
					8117ADF32B649417004F2C8C = {
						CreatedOnToolsVersion = 15.2;
					};
				};
			};
			buildConfigurationList = 8117ADCE2B648258004F2C8C /* Build configuration list for PBXProject "Landmarks" */;
			compatibilityVersion = "Xcode 14.0";
			developmentRegion = en;
			hasScannedForEncodings = 0;
			knownRegions = (
				en,
				Base,
			);
			mainGroup = 8117ADCA2B648258004F2C8C;
			productRefGroup = 8117ADD42B648258004F2C8C /* Products */;
			projectDirPath = "";
			projectRoot = "";
			targets = (
				8117ADD22B648258004F2C8C /* Landmarks */,
				8117ADF32B649417004F2C8C /* LandmarksMacOS */,
			);
		};
/* End PBXProject section */

/* Begin PBXResourcesBuildPhase section */
		8117ADD12B648258004F2C8C /* Resources */ = {
			isa = PBXResourcesBuildPhase;
			buildActionMask = 2147483647;
			files = (
				8117ADDE2B648259004F2C8C /* Preview Assets.xcassets in Resources */,
				8117ADDB2B648259004F2C8C /* Assets.xcassets in Resources */,
			);
			runOnlyForDeploymentPostprocessing = 0;
		};
		8117ADF22B649417004F2C8C /* Resources */ = {
			isa = PBXResourcesBuildPhase;
			buildActionMask = 2147483647;
			files = (
				8117AE082B6494B8004F2C8C /* Assets.xcassets in Resources */,
				8117ADFE2B649418004F2C8C /* Preview Assets.xcassets in Resources */,
			);
			runOnlyForDeploymentPostprocessing = 0;
		};
/* End PBXResourcesBuildPhase section */

/* Begin PBXSourcesBuildPhase section */
		8117ADCF2B648258004F2C8C /* Sources */ = {
			isa = PBXSourcesBuildPhase;
			buildActionMask = 2147483647;
			files = (
				8117ADE92B6482FF004F2C8C /* GalleryItemView.swift in Sources */,
				8117ADD72B648258004F2C8C /* LandmarksApp.swift in Sources */,
				8117ADE72B6482E3004F2C8C /* GalleryView.swift in Sources */,
				8117ADED2B648336004F2C8C /* DetailView.swift in Sources */,
				8117ADEB2B648318004F2C8C /* Landmark.swift in Sources */,
				8117ADEF2B64907A004F2C8C /* RecommendationView.swift in Sources */,
			);
			runOnlyForDeploymentPostprocessing = 0;
		};
		8117ADF02B649417004F2C8C /* Sources */ = {
			isa = PBXSourcesBuildPhase;
			buildActionMask = 2147483647;
			files = (
				8117AE032B649468004F2C8C /* Landmark.swift in Sources */,
				8117AE042B649468004F2C8C /* GalleryView.swift in Sources */,
				8117AE052B649468004F2C8C /* GalleryItemView.swift in Sources */,
				8117AE062B649468004F2C8C /* DetailView.swift in Sources */,
				8117AE072B649468004F2C8C /* RecommendationView.swift in Sources */,
				8117ADF72B649417004F2C8C /* LandmarksMacOSApp.swift in Sources */,
			);
			runOnlyForDeploymentPostprocessing = 0;
		};
/* End PBXSourcesBuildPhase section */

/* Begin XCBuildConfiguration section */
		8117ADDF2B648259004F2C8C /* Debug */ = {
			isa = XCBuildConfiguration;
			buildSettings = {
				ALWAYS_SEARCH_USER_PATHS = NO;
				ASSETCATALOG_COMPILER_GENERATE_SWIFT_ASSET_SYMBOL_EXTENSIONS = YES;
				CLANG_ANALYZER_NONNULL = YES;
				CLANG_ANALYZER_NUMBER_OBJECT_CONVERSION = YES_AGGRESSIVE;
				CLANG_CXX_LANGUAGE_STANDARD = "gnu++20";
				CLANG_ENABLE_MODULES = YES;
				CLANG_ENABLE_OBJC_ARC = YES;
				CLANG_ENABLE_OBJC_WEAK = YES;
				CLANG_WARN_BLOCK_CAPTURE_AUTORELEASING = YES;
				CLANG_WARN_BOOL_CONVERSION = YES;
				CLANG_WARN_COMMA = YES;
				CLANG_WARN_CONSTANT_CONVERSION = YES;
				CLANG_WARN_DEPRECATED_OBJC_IMPLEMENTATIONS = YES;
				CLANG_WARN_DIRECT_OBJC_ISA_USAGE = YES_ERROR;
				CLANG_WARN_DOCUMENTATION_COMMENTS = YES;
				CLANG_WARN_EMPTY_BODY = YES;
				CLANG_WARN_ENUM_CONVERSION = YES;
				CLANG_WARN_INFINITE_RECURSION = YES;
				CLANG_WARN_INT_CONVERSION = YES;
				CLANG_WARN_NON_LITERAL_NULL_CONVERSION = YES;
				CLANG_WARN_OBJC_IMPLICIT_RETAIN_SELF = YES;
				CLANG_WARN_OBJC_LITERAL_CONVERSION = YES;
				CLANG_WARN_OBJC_ROOT_CLASS = YES_ERROR;
				CLANG_WARN_QUOTED_INCLUDE_IN_FRAMEWORK_HEADER = YES;
				CLANG_WARN_RANGE_LOOP_ANALYSIS = YES;
				CLANG_WARN_STRICT_PROTOTYPES = YES;
				CLANG_WARN_SUSPICIOUS_MOVE = YES;
				CLANG_WARN_UNGUARDED_AVAILABILITY = YES_AGGRESSIVE;
				CLANG_WARN_UNREACHABLE_CODE = YES;
				CLANG_WARN__DUPLICATE_METHOD_MATCH = YES;
				COPY_PHASE_STRIP = NO;
				DEBUG_INFORMATION_FORMAT = dwarf;
				ENABLE_STRICT_OBJC_MSGSEND = YES;
				ENABLE_TESTABILITY = YES;
				ENABLE_USER_SCRIPT_SANDBOXING = YES;
				GCC_C_LANGUAGE_STANDARD = gnu17;
				GCC_DYNAMIC_NO_PIC = NO;
				GCC_NO_COMMON_BLOCKS = YES;
				GCC_OPTIMIZATION_LEVEL = 0;
				GCC_PREPROCESSOR_DEFINITIONS = (
					"DEBUG=1",
					"$(inherited)",
				);
				GCC_WARN_64_TO_32_BIT_CONVERSION = YES;
				GCC_WARN_ABOUT_RETURN_TYPE = YES_ERROR;
				GCC_WARN_UNDECLARED_SELECTOR = YES;
				GCC_WARN_UNINITIALIZED_AUTOS = YES_AGGRESSIVE;
				GCC_WARN_UNUSED_FUNCTION = YES;
				GCC_WARN_UNUSED_VARIABLE = YES;
				IPHONEOS_DEPLOYMENT_TARGET = 17.2;
				LOCALIZATION_PREFERS_STRING_CATALOGS = YES;
				MTL_ENABLE_DEBUG_INFO = INCLUDE_SOURCE;
				MTL_FAST_MATH = YES;
				ONLY_ACTIVE_ARCH = YES;
				SDKROOT = iphoneos;
				SWIFT_ACTIVE_COMPILATION_CONDITIONS = "DEBUG $(inherited)";
				SWIFT_OPTIMIZATION_LEVEL = "-Onone";
			};
			name = Debug;
		};
		8117ADE02B648259004F2C8C /* Release */ = {
			isa = XCBuildConfiguration;
			buildSettings = {
				ALWAYS_SEARCH_USER_PATHS = NO;
				ASSETCATALOG_COMPILER_GENERATE_SWIFT_ASSET_SYMBOL_EXTENSIONS = YES;
				CLANG_ANALYZER_NONNULL = YES;
				CLANG_ANALYZER_NUMBER_OBJECT_CONVERSION = YES_AGGRESSIVE;
				CLANG_CXX_LANGUAGE_STANDARD = "gnu++20";
				CLANG_ENABLE_MODULES = YES;
				CLANG_ENABLE_OBJC_ARC = YES;
				CLANG_ENABLE_OBJC_WEAK = YES;
				CLANG_WARN_BLOCK_CAPTURE_AUTORELEASING = YES;
				CLANG_WARN_BOOL_CONVERSION = YES;
				CLANG_WARN_COMMA = YES;
				CLANG_WARN_CONSTANT_CONVERSION = YES;
				CLANG_WARN_DEPRECATED_OBJC_IMPLEMENTATIONS = YES;
				CLANG_WARN_DIRECT_OBJC_ISA_USAGE = YES_ERROR;
				CLANG_WARN_DOCUMENTATION_COMMENTS = YES;
				CLANG_WARN_EMPTY_BODY = YES;
				CLANG_WARN_ENUM_CONVERSION = YES;
				CLANG_WARN_INFINITE_RECURSION = YES;
				CLANG_WARN_INT_CONVERSION = YES;
				CLANG_WARN_NON_LITERAL_NULL_CONVERSION = YES;
				CLANG_WARN_OBJC_IMPLICIT_RETAIN_SELF = YES;
				CLANG_WARN_OBJC_LITERAL_CONVERSION = YES;
				CLANG_WARN_OBJC_ROOT_CLASS = YES_ERROR;
				CLANG_WARN_QUOTED_INCLUDE_IN_FRAMEWORK_HEADER = YES;
				CLANG_WARN_RANGE_LOOP_ANALYSIS = YES;
				CLANG_WARN_STRICT_PROTOTYPES = YES;
				CLANG_WARN_SUSPICIOUS_MOVE = YES;
				CLANG_WARN_UNGUARDED_AVAILABILITY = YES_AGGRESSIVE;
				CLANG_WARN_UNREACHABLE_CODE = YES;
				CLANG_WARN__DUPLICATE_METHOD_MATCH = YES;
				COPY_PHASE_STRIP = NO;
				DEBUG_INFORMATION_FORMAT = "dwarf-with-dsym";
				ENABLE_NS_ASSERTIONS = NO;
				ENABLE_STRICT_OBJC_MSGSEND = YES;
				ENABLE_USER_SCRIPT_SANDBOXING = YES;
				GCC_C_LANGUAGE_STANDARD = gnu17;
				GCC_NO_COMMON_BLOCKS = YES;
				GCC_WARN_64_TO_32_BIT_CONVERSION = YES;
				GCC_WARN_ABOUT_RETURN_TYPE = YES_ERROR;
				GCC_WARN_UNDECLARED_SELECTOR = YES;
				GCC_WARN_UNINITIALIZED_AUTOS = YES_AGGRESSIVE;
				GCC_WARN_UNUSED_FUNCTION = YES;
				GCC_WARN_UNUSED_VARIABLE = YES;
				IPHONEOS_DEPLOYMENT_TARGET = 17.2;
				LOCALIZATION_PREFERS_STRING_CATALOGS = YES;
				MTL_ENABLE_DEBUG_INFO = NO;
				MTL_FAST_MATH = YES;
				SDKROOT = iphoneos;
				SWIFT_COMPILATION_MODE = wholemodule;
				VALIDATE_PRODUCT = YES;
			};
			name = Release;
		};
		8117ADE22B648259004F2C8C /* Debug */ = {
			isa = XCBuildConfiguration;
			buildSettings = {
				ASSETCATALOG_COMPILER_APPICON_NAME = AppIcon;
				ASSETCATALOG_COMPILER_GLOBAL_ACCENT_COLOR_NAME = AccentColor;
				CODE_SIGN_STYLE = Automatic;
				CURRENT_PROJECT_VERSION = 1;
				DEVELOPMENT_ASSET_PATHS = "\"Landmarks/Preview Content\"";
				DEVELOPMENT_TEAM = U2ZN2W2UQJ;
				ENABLE_PREVIEWS = YES;
				GENERATE_INFOPLIST_FILE = YES;
				INFOPLIST_KEY_UIApplicationSceneManifest_Generation = YES;
				INFOPLIST_KEY_UIApplicationSupportsIndirectInputEvents = YES;
				INFOPLIST_KEY_UILaunchScreen_Generation = YES;
				INFOPLIST_KEY_UISupportedInterfaceOrientations_iPad = "UIInterfaceOrientationPortrait UIInterfaceOrientationPortraitUpsideDown UIInterfaceOrientationLandscapeLeft UIInterfaceOrientationLandscapeRight";
				INFOPLIST_KEY_UISupportedInterfaceOrientations_iPhone = "UIInterfaceOrientationPortrait UIInterfaceOrientationLandscapeLeft UIInterfaceOrientationLandscapeRight";
				LD_RUNPATH_SEARCH_PATHS = (
					"$(inherited)",
					"@executable_path/Frameworks",
				);
				MARKETING_VERSION = 1.0;
				PRODUCT_BUNDLE_IDENTIFIER = ca.on.lcs.LakefieldHistory.Landmarks;
				PRODUCT_NAME = "$(TARGET_NAME)";
				SWIFT_EMIT_LOC_STRINGS = YES;
				SWIFT_VERSION = 5.0;
				TARGETED_DEVICE_FAMILY = "1,2";
			};
			name = Debug;
		};
		8117ADE32B648259004F2C8C /* Release */ = {
			isa = XCBuildConfiguration;
			buildSettings = {
				ASSETCATALOG_COMPILER_APPICON_NAME = AppIcon;
				ASSETCATALOG_COMPILER_GLOBAL_ACCENT_COLOR_NAME = AccentColor;
				CODE_SIGN_STYLE = Automatic;
				CURRENT_PROJECT_VERSION = 1;
				DEVELOPMENT_ASSET_PATHS = "\"Landmarks/Preview Content\"";
				DEVELOPMENT_TEAM = U2ZN2W2UQJ;
				ENABLE_PREVIEWS = YES;
				GENERATE_INFOPLIST_FILE = YES;
				INFOPLIST_KEY_UIApplicationSceneManifest_Generation = YES;
				INFOPLIST_KEY_UIApplicationSupportsIndirectInputEvents = YES;
				INFOPLIST_KEY_UILaunchScreen_Generation = YES;
				INFOPLIST_KEY_UISupportedInterfaceOrientations_iPad = "UIInterfaceOrientationPortrait UIInterfaceOrientationPortraitUpsideDown UIInterfaceOrientationLandscapeLeft UIInterfaceOrientationLandscapeRight";
				INFOPLIST_KEY_UISupportedInterfaceOrientations_iPhone = "UIInterfaceOrientationPortrait UIInterfaceOrientationLandscapeLeft UIInterfaceOrientationLandscapeRight";
				LD_RUNPATH_SEARCH_PATHS = (
					"$(inherited)",
					"@executable_path/Frameworks",
				);
				MARKETING_VERSION = 1.0;
				PRODUCT_BUNDLE_IDENTIFIER = ca.on.lcs.LakefieldHistory.Landmarks;
				PRODUCT_NAME = "$(TARGET_NAME)";
				SWIFT_EMIT_LOC_STRINGS = YES;
				SWIFT_VERSION = 5.0;
				TARGETED_DEVICE_FAMILY = "1,2";
			};
			name = Release;
		};
		8117AE012B649418004F2C8C /* Debug */ = {
			isa = XCBuildConfiguration;
			buildSettings = {
				ASSETCATALOG_COMPILER_APPICON_NAME = AppIcon;
				ASSETCATALOG_COMPILER_GLOBAL_ACCENT_COLOR_NAME = AccentColor;
				CODE_SIGN_ENTITLEMENTS = LandmarksMacOS/LandmarksMacOS.entitlements;
				CODE_SIGN_STYLE = Automatic;
				COMBINE_HIDPI_IMAGES = YES;
				CURRENT_PROJECT_VERSION = 1;
				DEVELOPMENT_ASSET_PATHS = "\"LandmarksMacOS/Preview Content\"";
				DEVELOPMENT_TEAM = U2ZN2W2UQJ;
				ENABLE_HARDENED_RUNTIME = YES;
				ENABLE_PREVIEWS = YES;
				GENERATE_INFOPLIST_FILE = YES;
				INFOPLIST_KEY_NSHumanReadableCopyright = "";
				LD_RUNPATH_SEARCH_PATHS = (
					"$(inherited)",
					"@executable_path/../Frameworks",
				);
				MACOSX_DEPLOYMENT_TARGET = 14.2;
				MARKETING_VERSION = 1.0;
				PRODUCT_BUNDLE_IDENTIFIER = ca.on.lcs.LakefieldHistory.LandmarksMacOS;
				PRODUCT_NAME = "$(TARGET_NAME)";
				SDKROOT = macosx;
				SWIFT_EMIT_LOC_STRINGS = YES;
				SWIFT_VERSION = 5.0;
			};
			name = Debug;
		};
		8117AE022B649418004F2C8C /* Release */ = {
			isa = XCBuildConfiguration;
			buildSettings = {
				ASSETCATALOG_COMPILER_APPICON_NAME = AppIcon;
				ASSETCATALOG_COMPILER_GLOBAL_ACCENT_COLOR_NAME = AccentColor;
				CODE_SIGN_ENTITLEMENTS = LandmarksMacOS/LandmarksMacOS.entitlements;
				CODE_SIGN_STYLE = Automatic;
				COMBINE_HIDPI_IMAGES = YES;
				CURRENT_PROJECT_VERSION = 1;
				DEVELOPMENT_ASSET_PATHS = "\"LandmarksMacOS/Preview Content\"";
				DEVELOPMENT_TEAM = U2ZN2W2UQJ;
				ENABLE_HARDENED_RUNTIME = YES;
				ENABLE_PREVIEWS = YES;
				GENERATE_INFOPLIST_FILE = YES;
				INFOPLIST_KEY_NSHumanReadableCopyright = "";
				LD_RUNPATH_SEARCH_PATHS = (
					"$(inherited)",
					"@executable_path/../Frameworks",
				);
				MACOSX_DEPLOYMENT_TARGET = 14.2;
				MARKETING_VERSION = 1.0;
				PRODUCT_BUNDLE_IDENTIFIER = ca.on.lcs.LakefieldHistory.LandmarksMacOS;
				PRODUCT_NAME = "$(TARGET_NAME)";
				SDKROOT = macosx;
				SWIFT_EMIT_LOC_STRINGS = YES;
				SWIFT_VERSION = 5.0;
			};
			name = Release;
		};
/* End XCBuildConfiguration section */

/* Begin XCConfigurationList section */
		8117ADCE2B648258004F2C8C /* Build configuration list for PBXProject "Landmarks" */ = {
			isa = XCConfigurationList;
			buildConfigurations = (
				8117ADDF2B648259004F2C8C /* Debug */,
				8117ADE02B648259004F2C8C /* Release */,
			);
			defaultConfigurationIsVisible = 0;
			defaultConfigurationName = Release;
		};
		8117ADE12B648259004F2C8C /* Build configuration list for PBXNativeTarget "Landmarks" */ = {
			isa = XCConfigurationList;
			buildConfigurations = (
				8117ADE22B648259004F2C8C /* Debug */,
				8117ADE32B648259004F2C8C /* Release */,
			);
			defaultConfigurationIsVisible = 0;
			defaultConfigurationName = Release;
		};
		8117AE002B649418004F2C8C /* Build configuration list for PBXNativeTarget "LandmarksMacOS" */ = {
			isa = XCConfigurationList;
			buildConfigurations = (
				8117AE012B649418004F2C8C /* Debug */,
				8117AE022B649418004F2C8C /* Release */,
			);
			defaultConfigurationIsVisible = 0;
			defaultConfigurationName = Release;
		};
/* End XCConfigurationList section */
	};
	rootObject = 8117ADCB2B648258004F2C8C /* Project object */;
}
